
Microsoft Visual Studio Solution File, Format Version 12.00
# Visual Studio Version 16
VisualStudioVersion = 16.0.31229.75
MinimumVisualStudioVersion = 10.0.40219.1
Project("{FAE04EC0-301F-11D3-BF4B-00C04F79EFBC}") = "Variables", "Variables\Variables.csproj", "{FE28AE98-FE09-49C0-81F7-2305FD442DD9}"
EndProject
Project("{FAE04EC0-301F-11D3-BF4B-00C04F79EFBC}") = "Operators", "Operators\Operators.csproj", "{9B644D71-184C-4723-97DE-19DAAC1D85AF}"
EndProject
Project("{FAE04EC0-301F-11D3-BF4B-00C04F79EFBC}") = "TryCatch", "TryCatch\TryCatch.csproj", "{CE2965BF-B1DB-4D68-86FA-30C5FD7FFFBE}"
EndProject
Project("{FAE04EC0-301F-11D3-BF4B-00C04F79EFBC}") = "IfElse", "IfElse\IfElse.csproj", "{3C7D5C34-18E9-421E-9F25-98A66C9A8CAF}"
EndProject
Project("{FAE04EC0-301F-11D3-BF4B-00C04F79EFBC}") = "SwitchCase", "SwitchCase\SwitchCase.csproj", "{8215598D-CB07-46E0-B665-2E907A0937A1}"
EndProject
Project("{FAE04EC0-301F-11D3-BF4B-00C04F79EFBC}") = "ForLoop", "ForLoop\ForLoop.csproj", "{3843684C-78BE-4D54-9BD1-B96E106B6274}"
EndProject
Project("{FAE04EC0-301F-11D3-BF4B-00C04F79EFBC}") = "While", "While\While.csproj", "{8873039E-0674-4147-A6EA-47BC5BD2C373}"
EndProject
Project("{FAE04EC0-301F-11D3-BF4B-00C04F79EFBC}") = "Arrays", "Arrays\Arrays.csproj", "{07BDE3C1-5D6E-4734-AB60-F4F4D06A71E9}"
EndProject
Project("{FAE04EC0-301F-11D3-BF4B-00C04F79EFBC}") = "Methots", "Methots\Methots.csproj", "{6A50477E-C719-47FB-B927-E531A80C78D1}"
EndProject
Global
	GlobalSection(SolutionConfigurationPlatforms) = preSolution
		Debug|Any CPU = Debug|Any CPU
		Release|Any CPU = Release|Any CPU
	EndGlobalSection
	GlobalSection(ProjectConfigurationPlatforms) = postSolution
		{FE28AE98-FE09-49C0-81F7-2305FD442DD9}.Debug|Any CPU.ActiveCfg = Debug|Any CPU
		{FE28AE98-FE09-49C0-81F7-2305FD442DD9}.Debug|Any CPU.Build.0 = Debug|Any CPU
		{FE28AE98-FE09-49C0-81F7-2305FD442DD9}.Release|Any CPU.ActiveCfg = Release|Any CPU
		{FE28AE98-FE09-49C0-81F7-2305FD442DD9}.Release|Any CPU.Build.0 = Release|Any CPU
		{9B644D71-184C-4723-97DE-19DAAC1D85AF}.Debug|Any CPU.ActiveCfg = Debug|Any CPU
		{9B644D71-184C-4723-97DE-19DAAC1D85AF}.Debug|Any CPU.Build.0 = Debug|Any CPU
		{9B644D71-184C-4723-97DE-19DAAC1D85AF}.Release|Any CPU.ActiveCfg = Release|Any CPU
		{9B644D71-184C-4723-97DE-19DAAC1D85AF}.Release|Any CPU.Build.0 = Release|Any CPU
		{CE2965BF-B1DB-4D68-86FA-30C5FD7FFFBE}.Debug|Any CPU.ActiveCfg = Debug|Any CPU
		{CE2965BF-B1DB-4D68-86FA-30C5FD7FFFBE}.Debug|Any CPU.Build.0 = Debug|Any CPU
		{CE2965BF-B1DB-4D68-86FA-30C5FD7FFFBE}.Release|Any CPU.ActiveCfg = Release|Any CPU
		{CE2965BF-B1DB-4D68-86FA-30C5FD7FFFBE}.Release|Any CPU.Build.0 = Release|Any CPU
		{3C7D5C34-18E9-421E-9F25-98A66C9A8CAF}.Debug|Any CPU.ActiveCfg = Debug|Any CPU
		{3C7D5C34-18E9-421E-9F25-98A66C9A8CAF}.Debug|Any CPU.Build.0 = Debug|Any CPU
		{3C7D5C34-18E9-421E-9F25-98A66C9A8CAF}.Release|Any CPU.ActiveCfg = Release|Any CPU
		{3C7D5C34-18E9-421E-9F25-98A66C9A8CAF}.Release|Any CPU.Build.0 = Release|Any CPU
		{8215598D-CB07-46E0-B665-2E907A0937A1}.Debug|Any CPU.ActiveCfg = Debug|Any CPU
		{8215598D-CB07-46E0-B665-2E907A0937A1}.Debug|Any CPU.Build.0 = Debug|Any CPU
		{8215598D-CB07-46E0-B665-2E907A0937A1}.Release|Any CPU.ActiveCfg = Release|Any CPU
		{8215598D-CB07-46E0-B665-2E907A0937A1}.Release|Any CPU.Build.0 = Release|Any CPU
		{3843684C-78BE-4D54-9BD1-B96E106B6274}.Debug|Any CPU.ActiveCfg = Debug|Any CPU
		{3843684C-78BE-4D54-9BD1-B96E106B6274}.Debug|Any CPU.Build.0 = Debug|Any CPU
		{3843684C-78BE-4D54-9BD1-B96E106B6274}.Release|Any CPU.ActiveCfg = Release|Any CPU
		{3843684C-78BE-4D54-9BD1-B96E106B6274}.Release|Any CPU.Build.0 = Release|Any CPU
		{8873039E-0674-4147-A6EA-47BC5BD2C373}.Debug|Any CPU.ActiveCfg = Debug|Any CPU
		{8873039E-0674-4147-A6EA-47BC5BD2C373}.Debug|Any CPU.Build.0 = Debug|Any CPU
		{8873039E-0674-4147-A6EA-47BC5BD2C373}.Release|Any CPU.ActiveCfg = Release|Any CPU
		{8873039E-0674-4147-A6EA-47BC5BD2C373}.Release|Any CPU.Build.0 = Release|Any CPU
		{07BDE3C1-5D6E-4734-AB60-F4F4D06A71E9}.Debug|Any CPU.ActiveCfg = Debug|Any CPU
		{07BDE3C1-5D6E-4734-AB60-F4F4D06A71E9}.Debug|Any CPU.Build.0 = Debug|Any CPU
		{07BDE3C1-5D6E-4734-AB60-F4F4D06A71E9}.Release|Any CPU.ActiveCfg = Release|Any CPU
		{07BDE3C1-5D6E-4734-AB60-F4F4D06A71E9}.Release|Any CPU.Build.0 = Release|Any CPU
		{6A50477E-C719-47FB-B927-E531A80C78D1}.Debug|Any CPU.ActiveCfg = Debug|Any CPU
		{6A50477E-C719-47FB-B927-E531A80C78D1}.Debug|Any CPU.Build.0 = Debug|Any CPU
		{6A50477E-C719-47FB-B927-E531A80C78D1}.Release|Any CPU.ActiveCfg = Release|Any CPU
		{6A50477E-C719-47FB-B927-E531A80C78D1}.Release|Any CPU.Build.0 = Release|Any CPU
	EndGlobalSection
	GlobalSection(SolutionProperties) = preSolution
		HideSolutionNode = FALSE
	EndGlobalSection
	GlobalSection(ExtensibilityGlobals) = postSolution
		SolutionGuid = {5C3097C5-0DBB-499E-8557-E53CE25E5947}
	EndGlobalSection
EndGlobal
